// !$*UTF8*$!
{
	archiveVersion = 1;
	classes = {
	};
	objectVersion = 50;
	objects = {

/* Begin PBXBuildFile section */
		53023DCA24973E1F00FD1B6C /* AppDelegate.swift in Sources */ = {isa = PBXBuildFile; fileRef = 53023DC924973E1F00FD1B6C /* AppDelegate.swift */; };
		53023DCC24973E1F00FD1B6C /* SceneDelegate.swift in Sources */ = {isa = PBXBuildFile; fileRef = 53023DCB24973E1F00FD1B6C /* SceneDelegate.swift */; };
		53023DCF24973E1F00FD1B6C /* TicTacToe4.xcdatamodeld in Sources */ = {isa = PBXBuildFile; fileRef = 53023DCD24973E1F00FD1B6C /* TicTacToe4.xcdatamodeld */; };
		53023DD124973E1F00FD1B6C /* ContentView.swift in Sources */ = {isa = PBXBuildFile; fileRef = 53023DD024973E1F00FD1B6C /* ContentView.swift */; };
		53023DD324973E2000FD1B6C /* Assets.xcassets in Resources */ = {isa = PBXBuildFile; fileRef = 53023DD224973E2000FD1B6C /* Assets.xcassets */; };
		53023DD624973E2000FD1B6C /* Preview Assets.xcassets in Resources */ = {isa = PBXBuildFile; fileRef = 53023DD524973E2000FD1B6C /* Preview Assets.xcassets */; };
		53023DD924973E2000FD1B6C /* LaunchScreen.storyboard in Resources */ = {isa = PBXBuildFile; fileRef = 53023DD724973E2000FD1B6C /* LaunchScreen.storyboard */; };
		53023DE124973EC200FD1B6C /* CaseView.swift in Sources */ = {isa = PBXBuildFile; fileRef = 53023DE024973EC200FD1B6C /* CaseView.swift */; };
		53023DE324973F4B00FD1B6C /* Damier.swift in Sources */ = {isa = PBXBuildFile; fileRef = 53023DE224973F4B00FD1B6C /* Damier.swift */; };
		53023DE524974C3800FD1B6C /* Automate.swift in Sources */ = {isa = PBXBuildFile; fileRef = 53023DE424974C3800FD1B6C /* Automate.swift */; };
		53023DE72497504000FD1B6C /* IA.swift in Sources */ = {isa = PBXBuildFile; fileRef = 53023DE62497504000FD1B6C /* IA.swift */; };
		53023DE92497522B00FD1B6C /* DamierView.swift in Sources */ = {isa = PBXBuildFile; fileRef = 53023DE82497522B00FD1B6C /* DamierView.swift */; };
		53023DEB2497949F00FD1B6C /* BoutonPerso.swift in Sources */ = {isa = PBXBuildFile; fileRef = 53023DEA2497949F00FD1B6C /* BoutonPerso.swift */; };
		53E670232498BE9C001BD2D0 /* Outils.swift in Sources */ = {isa = PBXBuildFile; fileRef = 53E670222498BE9C001BD2D0 /* Outils.swift */; };
/* End PBXBuildFile section */

/* Begin PBXFileReference section */
		53023DC624973E1F00FD1B6C /* TicTacToe4.app */ = {isa = PBXFileReference; explicitFileType = wrapper.application; includeInIndex = 0; path = TicTacToe4.app; sourceTree = BUILT_PRODUCTS_DIR; };
		53023DC924973E1F00FD1B6C /* AppDelegate.swift */ = {isa = PBXFileReference; lastKnownFileType = sourcecode.swift; path = AppDelegate.swift; sourceTree = "<group>"; };
		53023DCB24973E1F00FD1B6C /* SceneDelegate.swift */ = {isa = PBXFileReference; lastKnownFileType = sourcecode.swift; path = SceneDelegate.swift; sourceTree = "<group>"; };
		53023DCE24973E1F00FD1B6C /* TicTacToe4.xcdatamodel */ = {isa = PBXFileReference; lastKnownFileType = wrapper.xcdatamodel; path = TicTacToe4.xcdatamodel; sourceTree = "<group>"; };
		53023DD024973E1F00FD1B6C /* ContentView.swift */ = {isa = PBXFileReference; lastKnownFileType = sourcecode.swift; path = ContentView.swift; sourceTree = "<group>"; };
		53023DD224973E2000FD1B6C /* Assets.xcassets */ = {isa = PBXFileReference; lastKnownFileType = folder.assetcatalog; path = Assets.xcassets; sourceTree = "<group>"; };
		53023DD524973E2000FD1B6C /* Preview Assets.xcassets */ = {isa = PBXFileReference; lastKnownFileType = folder.assetcatalog; path = "Preview Assets.xcassets"; sourceTree = "<group>"; };
		53023DD824973E2000FD1B6C /* Base */ = {isa = PBXFileReference; lastKnownFileType = file.storyboard; name = Base; path = Base.lproj/LaunchScreen.storyboard; sourceTree = "<group>"; };
		53023DDA24973E2000FD1B6C /* Info.plist */ = {isa = PBXFileReference; lastKnownFileType = text.plist.xml; path = Info.plist; sourceTree = "<group>"; };
		53023DE024973EC200FD1B6C /* CaseView.swift */ = {isa = PBXFileReference; lastKnownFileType = sourcecode.swift; path = CaseView.swift; sourceTree = "<group>"; };
		53023DE224973F4B00FD1B6C /* Damier.swift */ = {isa = PBXFileReference; lastKnownFileType = sourcecode.swift; path = Damier.swift; sourceTree = "<group>"; };
		53023DE424974C3800FD1B6C /* Automate.swift */ = {isa = PBXFileReference; lastKnownFileType = sourcecode.swift; path = Automate.swift; sourceTree = "<group>"; };
		53023DE62497504000FD1B6C /* IA.swift */ = {isa = PBXFileReference; lastKnownFileType = sourcecode.swift; path = IA.swift; sourceTree = "<group>"; };
		53023DE82497522B00FD1B6C /* DamierView.swift */ = {isa = PBXFileReference; lastKnownFileType = sourcecode.swift; path = DamierView.swift; sourceTree = "<group>"; };
		53023DEA2497949F00FD1B6C /* BoutonPerso.swift */ = {isa = PBXFileReference; lastKnownFileType = sourcecode.swift; path = BoutonPerso.swift; sourceTree = "<group>"; };
		53E670222498BE9C001BD2D0 /* Outils.swift */ = {isa = PBXFileReference; lastKnownFileType = sourcecode.swift; path = Outils.swift; sourceTree = "<group>"; };
/* End PBXFileReference section */

/* Begin PBXFrameworksBuildPhase section */
		53023DC324973E1F00FD1B6C /* Frameworks */ = {
			isa = PBXFrameworksBuildPhase;
			buildActionMask = 2147483647;
			files = (
			);
			runOnlyForDeploymentPostprocessing = 0;
		};
/* End PBXFrameworksBuildPhase section */

/* Begin PBXGroup section */
		53023DBD24973E1F00FD1B6C = {
			isa = PBXGroup;
			children = (
				53023DC824973E1F00FD1B6C /* TicTacToe4 */,
				53023DC724973E1F00FD1B6C /* Products */,
			);
			sourceTree = "<group>";
		};
		53023DC724973E1F00FD1B6C /* Products */ = {
			isa = PBXGroup;
			children = (
				53023DC624973E1F00FD1B6C /* TicTacToe4.app */,
			);
			name = Products;
			sourceTree = "<group>";
		};
		53023DC824973E1F00FD1B6C /* TicTacToe4 */ = {
			isa = PBXGroup;
			children = (
				53023DC924973E1F00FD1B6C /* AppDelegate.swift */,
				53023DCB24973E1F00FD1B6C /* SceneDelegate.swift */,
				53023DD024973E1F00FD1B6C /* ContentView.swift */,
				53023DE024973EC200FD1B6C /* CaseView.swift */,
				53023DE82497522B00FD1B6C /* DamierView.swift */,
				53023DE224973F4B00FD1B6C /* Damier.swift */,
				53023DE424974C3800FD1B6C /* Automate.swift */,
				53023DE62497504000FD1B6C /* IA.swift */,
				53E670222498BE9C001BD2D0 /* Outils.swift */,
				53023DD224973E2000FD1B6C /* Assets.xcassets */,
				53023DD724973E2000FD1B6C /* LaunchScreen.storyboard */,
				53023DDA24973E2000FD1B6C /* Info.plist */,
				53023DCD24973E1F00FD1B6C /* TicTacToe4.xcdatamodeld */,
				53023DD424973E2000FD1B6C /* Preview Content */,
				53023DEA2497949F00FD1B6C /* BoutonPerso.swift */,
			);
			path = TicTacToe4;
			sourceTree = "<group>";
		};
		53023DD424973E2000FD1B6C /* Preview Content */ = {
			isa = PBXGroup;
			children = (
				53023DD524973E2000FD1B6C /* Preview Assets.xcassets */,
			);
			path = "Preview Content";
			sourceTree = "<group>";
		};
/* End PBXGroup section */

/* Begin PBXNativeTarget section */
		53023DC524973E1F00FD1B6C /* TicTacToe4 */ = {
			isa = PBXNativeTarget;
			buildConfigurationList = 53023DDD24973E2000FD1B6C /* Build configuration list for PBXNativeTarget "TicTacToe4" */;
			buildPhases = (
				53023DC224973E1F00FD1B6C /* Sources */,
				53023DC324973E1F00FD1B6C /* Frameworks */,
				53023DC424973E1F00FD1B6C /* Resources */,
			);
			buildRules = (
			);
			dependencies = (
			);
			name = TicTacToe4;
			productName = TicTacToe4;
			productReference = 53023DC624973E1F00FD1B6C /* TicTacToe4.app */;
			productType = "com.apple.product-type.application";
		};
/* End PBXNativeTarget section */

/* Begin PBXProject section */
		53023DBE24973E1F00FD1B6C /* Project object */ = {
			isa = PBXProject;
			attributes = {
				LastSwiftUpdateCheck = 1150;
				LastUpgradeCheck = 1150;
				ORGANIZATIONNAME = "Michel Garlandat";
				TargetAttributes = {
					53023DC524973E1F00FD1B6C = {
						CreatedOnToolsVersion = 11.5;
					};
				};
			};
			buildConfigurationList = 53023DC124973E1F00FD1B6C /* Build configuration list for PBXProject "TicTacToe4" */;
			compatibilityVersion = "Xcode 9.3";
			developmentRegion = en;
			hasScannedForEncodings = 0;
			knownRegions = (
				en,
				Base,
			);
			mainGroup = 53023DBD24973E1F00FD1B6C;
			productRefGroup = 53023DC724973E1F00FD1B6C /* Products */;
			projectDirPath = "";
			projectRoot = "";
			targets = (
				53023DC524973E1F00FD1B6C /* TicTacToe4 */,
			);
		};
/* End PBXProject section */

/* Begin PBXResourcesBuildPhase section */
		53023DC424973E1F00FD1B6C /* Resources */ = {
			isa = PBXResourcesBuildPhase;
			buildActionMask = 2147483647;
			files = (
				53023DD924973E2000FD1B6C /* LaunchScreen.storyboard in Resources */,
				53023DD624973E2000FD1B6C /* Preview Assets.xcassets in Resources */,
				53023DD324973E2000FD1B6C /* Assets.xcassets in Resources */,
			);
			runOnlyForDeploymentPostprocessing = 0;
		};
/* End PBXResourcesBuildPhase section */

/* Begin PBXSourcesBuildPhase section */
		53023DC224973E1F00FD1B6C /* Sources */ = {
			isa = PBXSourcesBuildPhase;
			buildActionMask = 2147483647;
			files = (
				53023DCA24973E1F00FD1B6C /* AppDelegate.swift in Sources */,
				53023DCC24973E1F00FD1B6C /* SceneDelegate.swift in Sources */,
				53023DE124973EC200FD1B6C /* CaseView.swift in Sources */,
				53E670232498BE9C001BD2D0 /* Outils.swift in Sources */,
				53023DE324973F4B00FD1B6C /* Damier.swift in Sources */,
				53023DD124973E1F00FD1B6C /* ContentView.swift in Sources */,
				53023DE72497504000FD1B6C /* IA.swift in Sources */,
				53023DEB2497949F00FD1B6C /* BoutonPerso.swift in Sources */,
				53023DE524974C3800FD1B6C /* Automate.swift in Sources */,
				53023DE92497522B00FD1B6C /* DamierView.swift in Sources */,
				53023DCF24973E1F00FD1B6C /* TicTacToe4.xcdatamodeld in Sources */,
			);
			runOnlyForDeploymentPostprocessing = 0;
		};
/* End PBXSourcesBuildPhase section */

/* Begin PBXVariantGroup section */
		53023DD724973E2000FD1B6C /* LaunchScreen.storyboard */ = {
			isa = PBXVariantGroup;
			children = (
				53023DD824973E2000FD1B6C /* Base */,
			);
			name = LaunchScreen.storyboard;
			sourceTree = "<group>";
		};
/* End PBXVariantGroup section */

/* Begin XCBuildConfiguration section */
		53023DDB24973E2000FD1B6C /* Debug */ = {
			isa = XCBuildConfiguration;
			buildSettings = {
				ALWAYS_SEARCH_USER_PATHS = NO;
				CLANG_ANALYZER_NONNULL = YES;
				CLANG_ANALYZER_NUMBER_OBJECT_CONVERSION = YES_AGGRESSIVE;
				CLANG_CXX_LANGUAGE_STANDARD = "gnu++14";
				CLANG_CXX_LIBRARY = "libc++";
				CLANG_ENABLE_MODULES = YES;
				CLANG_ENABLE_OBJC_ARC = YES;
				CLANG_ENABLE_OBJC_WEAK = YES;
				CLANG_WARN_BLOCK_CAPTURE_AUTORELEASING = YES;
				CLANG_WARN_BOOL_CONVERSION = YES;
				CLANG_WARN_COMMA = YES;
				CLANG_WARN_CONSTANT_CONVERSION = YES;
				CLANG_WARN_DEPRECATED_OBJC_IMPLEMENTATIONS = YES;
				CLANG_WARN_DIRECT_OBJC_ISA_USAGE = YES_ERROR;
				CLANG_WARN_DOCUMENTATION_COMMENTS = YES;
				CLANG_WARN_EMPTY_BODY = YES;
				CLANG_WARN_ENUM_CONVERSION = YES;
				CLANG_WARN_INFINITE_RECURSION = YES;
				CLANG_WARN_INT_CONVERSION = YES;
				CLANG_WARN_NON_LITERAL_NULL_CONVERSION = YES;
				CLANG_WARN_OBJC_IMPLICIT_RETAIN_SELF = YES;
				CLANG_WARN_OBJC_LITERAL_CONVERSION = YES;
				CLANG_WARN_OBJC_ROOT_CLASS = YES_ERROR;
				CLANG_WARN_RANGE_LOOP_ANALYSIS = YES;
				CLANG_WARN_STRICT_PROTOTYPES = YES;
				CLANG_WARN_SUSPICIOUS_MOVE = YES;
				CLANG_WARN_UNGUARDED_AVAILABILITY = YES_AGGRESSIVE;
				CLANG_WARN_UNREACHABLE_CODE = YES;
				CLANG_WARN__DUPLICATE_METHOD_MATCH = YES;
				COPY_PHASE_STRIP = NO;
				DEBUG_INFORMATION_FORMAT = dwarf;
				ENABLE_STRICT_OBJC_MSGSEND = YES;
				ENABLE_TESTABILITY = YES;
				GCC_C_LANGUAGE_STANDARD = gnu11;
				GCC_DYNAMIC_NO_PIC = NO;
				GCC_NO_COMMON_BLOCKS = YES;
				GCC_OPTIMIZATION_LEVEL = 0;
				GCC_PREPROCESSOR_DEFINITIONS = (
					"DEBUG=1",
					"$(inherited)",
				);
				GCC_WARN_64_TO_32_BIT_CONVERSION = YES;
				GCC_WARN_ABOUT_RETURN_TYPE = YES_ERROR;
				GCC_WARN_UNDECLARED_SELECTOR = YES;
				GCC_WARN_UNINITIALIZED_AUTOS = YES_AGGRESSIVE;
				GCC_WARN_UNUSED_FUNCTION = YES;
				GCC_WARN_UNUSED_VARIABLE = YES;
				IPHONEOS_DEPLOYMENT_TARGET = 13.5;
				MTL_ENABLE_DEBUG_INFO = INCLUDE_SOURCE;
				MTL_FAST_MATH = YES;
				ONLY_ACTIVE_ARCH = YES;
				SDKROOT = iphoneos;
				SWIFT_ACTIVE_COMPILATION_CONDITIONS = DEBUG;
				SWIFT_OPTIMIZATION_LEVEL = "-Onone";
			};
			name = Debug;
		};
		53023DDC24973E2000FD1B6C /* Release */ = {
			isa = XCBuildConfiguration;
			buildSettings = {
				ALWAYS_SEARCH_USER_PATHS = NO;
				CLANG_ANALYZER_NONNULL = YES;
				CLANG_ANALYZER_NUMBER_OBJECT_CONVERSION = YES_AGGRESSIVE;
				CLANG_CXX_LANGUAGE_STANDARD = "gnu++14";
				CLANG_CXX_LIBRARY = "libc++";
				CLANG_ENABLE_MODULES = YES;
				CLANG_ENABLE_OBJC_ARC = YES;
				CLANG_ENABLE_OBJC_WEAK = YES;
				CLANG_WARN_BLOCK_CAPTURE_AUTORELEASING = YES;
				CLANG_WARN_BOOL_CONVERSION = YES;
				CLANG_WARN_COMMA = YES;
				CLANG_WARN_CONSTANT_CONVERSION = YES;
				CLANG_WARN_DEPRECATED_OBJC_IMPLEMENTATIONS = YES;
				CLANG_WARN_DIRECT_OBJC_ISA_USAGE = YES_ERROR;
				CLANG_WARN_DOCUMENTATION_COMMENTS = YES;
				CLANG_WARN_EMPTY_BODY = YES;
				CLANG_WARN_ENUM_CONVERSION = YES;
				CLANG_WARN_INFINITE_RECURSION = YES;
				CLANG_WARN_INT_CONVERSION = YES;
				CLANG_WARN_NON_LITERAL_NULL_CONVERSION = YES;
				CLANG_WARN_OBJC_IMPLICIT_RETAIN_SELF = YES;
				CLANG_WARN_OBJC_LITERAL_CONVERSION = YES;
				CLANG_WARN_OBJC_ROOT_CLASS = YES_ERROR;
				CLANG_WARN_RANGE_LOOP_ANALYSIS = YES;
				CLANG_WARN_STRICT_PROTOTYPES = YES;
				CLANG_WARN_SUSPICIOUS_MOVE = YES;
				CLANG_WARN_UNGUARDED_AVAILABILITY = YES_AGGRESSIVE;
				CLANG_WARN_UNREACHABLE_CODE = YES;
				CLANG_WARN__DUPLICATE_METHOD_MATCH = YES;
				COPY_PHASE_STRIP = NO;
				DEBUG_INFORMATION_FORMAT = "dwarf-with-dsym";
				ENABLE_NS_ASSERTIONS = NO;
				ENABLE_STRICT_OBJC_MSGSEND = YES;
				GCC_C_LANGUAGE_STANDARD = gnu11;
				GCC_NO_COMMON_BLOCKS = YES;
				GCC_WARN_64_TO_32_BIT_CONVERSION = YES;
				GCC_WARN_ABOUT_RETURN_TYPE = YES_ERROR;
				GCC_WARN_UNDECLARED_SELECTOR = YES;
				GCC_WARN_UNINITIALIZED_AUTOS = YES_AGGRESSIVE;
				GCC_WARN_UNUSED_FUNCTION = YES;
				GCC_WARN_UNUSED_VARIABLE = YES;
				IPHONEOS_DEPLOYMENT_TARGET = 13.5;
				MTL_ENABLE_DEBUG_INFO = NO;
				MTL_FAST_MATH = YES;
				SDKROOT = iphoneos;
				SWIFT_COMPILATION_MODE = wholemodule;
				SWIFT_OPTIMIZATION_LEVEL = "-O";
				VALIDATE_PRODUCT = YES;
			};
			name = Release;
		};
		53023DDE24973E2000FD1B6C /* Debug */ = {
			isa = XCBuildConfiguration;
			buildSettings = {
				ASSETCATALOG_COMPILER_APPICON_NAME = AppIcon;
				CODE_SIGN_STYLE = Automatic;
				DEVELOPMENT_ASSET_PATHS = "\"TicTacToe4/Preview Content\"";
				DEVELOPMENT_TEAM = 4M6WBM2XB7;
				ENABLE_PREVIEWS = YES;
				INFOPLIST_FILE = TicTacToe4/Info.plist;
				LD_RUNPATH_SEARCH_PATHS = (
					"$(inherited)",
					"@executable_path/Frameworks",
				);
				PRODUCT_BUNDLE_IDENTIFIER = fr.michel.garlandat.TicTacToe4;
				PRODUCT_NAME = "$(TARGET_NAME)";
				SWIFT_VERSION = 5.0;
				TARGETED_DEVICE_FAMILY = "1,2";
			};
			name = Debug;
		};
		53023DDF24973E2000FD1B6C /* Release */ = {
			isa = XCBuildConfiguration;
			buildSettings = {
				ASSETCATALOG_COMPILER_APPICON_NAME = AppIcon;
				CODE_SIGN_STYLE = Automatic;
				DEVELOPMENT_ASSET_PATHS = "\"TicTacToe4/Preview Content\"";
				DEVELOPMENT_TEAM = 4M6WBM2XB7;
				ENABLE_PREVIEWS = YES;
				INFOPLIST_FILE = TicTacToe4/Info.plist;
				LD_RUNPATH_SEARCH_PATHS = (
					"$(inherited)",
					"@executable_path/Frameworks",
				);
				PRODUCT_BUNDLE_IDENTIFIER = fr.michel.garlandat.TicTacToe4;
				PRODUCT_NAME = "$(TARGET_NAME)";
				SWIFT_VERSION = 5.0;
				TARGETED_DEVICE_FAMILY = "1,2";
			};
			name = Release;
		};
/* End XCBuildConfiguration section */

/* Begin XCConfigurationList section */
		53023DC124973E1F00FD1B6C /* Build configuration list for PBXProject "TicTacToe4" */ = {
			isa = XCConfigurationList;
			buildConfigurations = (
				53023DDB24973E2000FD1B6C /* Debug */,
				53023DDC24973E2000FD1B6C /* Release */,
			);
			defaultConfigurationIsVisible = 0;
			defaultConfigurationName = Release;
		};
		53023DDD24973E2000FD1B6C /* Build configuration list for PBXNativeTarget "TicTacToe4" */ = {
			isa = XCConfigurationList;
			buildConfigurations = (
				53023DDE24973E2000FD1B6C /* Debug */,
				53023DDF24973E2000FD1B6C /* Release */,
			);
			defaultConfigurationIsVisible = 0;
			defaultConfigurationName = Release;
		};
/* End XCConfigurationList section */

/* Begin XCVersionGroup section */
		53023DCD24973E1F00FD1B6C /* TicTacToe4.xcdatamodeld */ = {
			isa = XCVersionGroup;
			children = (
				53023DCE24973E1F00FD1B6C /* TicTacToe4.xcdatamodel */,
			);
			currentVersion = 53023DCE24973E1F00FD1B6C /* TicTacToe4.xcdatamodel */;
			path = TicTacToe4.xcdatamodeld;
			sourceTree = "<group>";
			versionGroupType = wrapper.xcdatamodel;
		};
/* End XCVersionGroup section */
	};
	rootObject = 53023DBE24973E1F00FD1B6C /* Project object */;
}
